
Microsoft Visual Studio Solution File, Format Version 12.00
# Visual Studio Version 17
VisualStudioVersion = 17.8.34511.84
MinimumVisualStudioVersion = 10.0.40219.1
Project("{FAE04EC0-301F-11D3-BF4B-00C04F79EFBC}") = "EmailValidationSolution", "EmailValidationSolution\EmailValidationSolution.csproj", "{8990565B-27D8-498F-AFB0-32C0BF3F04FB}"
EndProject
Global
	GlobalSection(SolutionConfigurationPlatforms) = preSolution
		Debug|Any CPU = Debug|Any CPU
		Release|Any CPU = Release|Any CPU
	EndGlobalSection
	GlobalSection(ProjectConfigurationPlatforms) = postSolution
		{8990565B-27D8-498F-AFB0-32C0BF3F04FB}.Debug|Any CPU.ActiveCfg = Debug|Any CPU
		{8990565B-27D8-498F-AFB0-32C0BF3F04FB}.Debug|Any CPU.Build.0 = Debug|Any CPU
		{8990565B-27D8-498F-AFB0-32C0BF3F04FB}.Release|Any CPU.ActiveCfg = Release|Any CPU
		{8990565B-27D8-498F-AFB0-32C0BF3F04FB}.Release|Any CPU.Build.0 = Release|Any CPU
	EndGlobalSection
	GlobalSection(SolutionProperties) = preSolution
		HideSolutionNode = FALSE
	EndGlobalSection
	GlobalSection(ExtensibilityGlobals) = postSolution
		SolutionGuid = {A61FF0FA-5BFA-4A68-8992-A44A62346F72}
	EndGlobalSection
EndGlobal
